{
  "name": "gsfs",
  "version": "1.0.0",
  "lockfileVersion": 1,
  "requires": true,
  "dependencies": {
    "esm": {
      "version": "3.0.51",
      "resolved": "https://registry.npmjs.org/esm/-/esm-3.0.51.tgz",
      "integrity": "sha512-7FS+2n9hqy8Cm288XDnrpCVj1trpNXig3eicCAB5+ki6RWvti8X7HFyvvm0DVirqTwysDLSmdifL5xG7xgLq0g=="
    }
  }
}
